Microsoft Visual Studio Solution File, Format Version 12.00
# Visual Studio Version 17
VisualStudioVersion = 17.5.2.0
MinimumVisualStudioVersion = 10.0.40219.1
Project("{FAE04EC0-301F-11D3-BF4B-00C04F79EFBC}") = "reika", "reika.csproj", "{4A7F80F5-E358-1345-D79C-9EE74455410D}"
EndProject
Global
	GlobalSection(SolutionConfigurationPlatforms) = preSolution
		Debug|Any CPU = Debug|Any CPU
		Release|Any CPU = Release|Any CPU
	EndGlobalSection
	GlobalSection(ProjectConfigurationPlatforms) = postSolution
		{4A7F80F5-E358-1345-D79C-9EE74455410D}.Debug|Any CPU.ActiveCfg = Debug|Any CPU
		{4A7F80F5-E358-1345-D79C-9EE74455410D}.Debug|Any CPU.Build.0 = Debug|Any CPU
		{4A7F80F5-E358-1345-D79C-9EE74455410D}.Release|Any CPU.ActiveCfg = Release|Any CPU
		{4A7F80F5-E358-1345-D79C-9EE74455410D}.Release|Any CPU.Build.0 = Release|Any CPU
	EndGlobalSection
	GlobalSection(SolutionProperties) = preSolution
		HideSolutionNode = FALSE
	EndGlobalSection
	GlobalSection(ExtensibilityGlobals) = postSolution
		SolutionGuid = {F62F6BCF-CEC2-4ACD-B1F3-5A694D364561}
	EndGlobalSection
EndGlobal
